
Microsoft Visual Studio Solution File, Format Version 12.00
# Visual Studio 15
VisualStudioVersion = 15.0.27130.0
MinimumVisualStudioVersion = 10.0.40219.1
Project("{FAE04EC0-301F-11D3-BF4B-00C04F79EFBC}") = "ReadExcelWPF", "ReadExcelWPF\ReadExcelWPF.csproj", "{405BA7B3-593B-4C63-AD87-2807CEB037FB}"
EndProject
Project("{FAE04EC0-301F-11D3-BF4B-00C04F79EFBC}") = "ReadExcelData", "ReadExcelData\ReadExcelData.csproj", "{62E47BB6-2D38-444E-AD22-04A1F73A04F2}"
EndProject
Global
	GlobalSection(SolutionConfigurationPlatforms) = preSolution
		Debug|Any CPU = Debug|Any CPU
		Release|Any CPU = Release|Any CPU
	EndGlobalSection
	GlobalSection(ProjectConfigurationPlatforms) = postSolution
		{405BA7B3-593B-4C63-AD87-2807CEB037FB}.Debug|Any CPU.ActiveCfg = Debug|Any CPU
		{405BA7B3-593B-4C63-AD87-2807CEB037FB}.Debug|Any CPU.Build.0 = Debug|Any CPU
		{405BA7B3-593B-4C63-AD87-2807CEB037FB}.Release|Any CPU.ActiveCfg = Release|Any CPU
		{405BA7B3-593B-4C63-AD87-2807CEB037FB}.Release|Any CPU.Build.0 = Release|Any CPU
		{62E47BB6-2D38-444E-AD22-04A1F73A04F2}.Debug|Any CPU.ActiveCfg = Debug|Any CPU
		{62E47BB6-2D38-444E-AD22-04A1F73A04F2}.Debug|Any CPU.Build.0 = Debug|Any CPU
		{62E47BB6-2D38-444E-AD22-04A1F73A04F2}.Release|Any CPU.ActiveCfg = Release|Any CPU
		{62E47BB6-2D38-444E-AD22-04A1F73A04F2}.Release|Any CPU.Build.0 = Release|Any CPU
	EndGlobalSection
	GlobalSection(SolutionProperties) = preSolution
		HideSolutionNode = FALSE
	EndGlobalSection
	GlobalSection(ExtensibilityGlobals) = postSolution
		SolutionGuid = {90C86519-DA0F-4868-A978-646436EDCACB}
	EndGlobalSection
EndGlobal
